
Microsoft Visual Studio Solution File, Format Version 12.00
# Visual Studio Version 17
VisualStudioVersion = 17.14.36518.9
MinimumVisualStudioVersion = 10.0.40219.1
Project("{FAE04EC0-301F-11D3-BF4B-00C04F79EFBC}") = "TestProjectTK", "TestProjectTK.csproj", "{AA5A2582-47F0-4D17-9DDF-41E2336AFAF5}"
EndProject
Project("{2150E333-8FDC-42A3-9474-1A3956D46DE8}") = "TK_Texture", "TK_Texture", "{02EA681E-C7D8-13C7-8484-4AC65E1B71E8}"
EndProject
Project("{FAE04EC0-301F-11D3-BF4B-00C04F79EFBC}") = "TK_Texture", "..\TK_Texture\TK_Texture.csproj", "{32639D07-7AF4-4487-ABCC-32F8C0F532BD}"
EndProject
Project("{2150E333-8FDC-42A3-9474-1A3956D46DE8}") = "TK_MultTexture", "TK_MultTexture", "{E1E2F06B-3758-4DFA-92AE-232014B0DE8A}"
EndProject
Project("{FAE04EC0-301F-11D3-BF4B-00C04F79EFBC}") = "TK_MultTexture", "..\TK_MultTexture\TK_MultTexture.csproj", "{80A09742-5C4E-2D48-D670-B406B65CE949}"
EndProject
Project("{2150E333-8FDC-42A3-9474-1A3956D46DE8}") = "Test_MultiRender", "Test_MultiRender", "{0BDF53F3-0417-4FFA-A33D-CD67301566E2}"
EndProject
Project("{FAE04EC0-301F-11D3-BF4B-00C04F79EFBC}") = "Test_MultiRender", "..\Test_MultiRender\Test_MultiRender.csproj", "{AD6AECC0-21FB-1EAE-8728-24B727884423}"
EndProject
Global
	GlobalSection(SolutionConfigurationPlatforms) = preSolution
		Debug|Any CPU = Debug|Any CPU
		Release|Any CPU = Release|Any CPU
	EndGlobalSection
	GlobalSection(ProjectConfigurationPlatforms) = postSolution
		{AA5A2582-47F0-4D17-9DDF-41E2336AFAF5}.Debug|Any CPU.ActiveCfg = Debug|Any CPU
		{AA5A2582-47F0-4D17-9DDF-41E2336AFAF5}.Debug|Any CPU.Build.0 = Debug|Any CPU
		{AA5A2582-47F0-4D17-9DDF-41E2336AFAF5}.Release|Any CPU.ActiveCfg = Release|Any CPU
		{AA5A2582-47F0-4D17-9DDF-41E2336AFAF5}.Release|Any CPU.Build.0 = Release|Any CPU
		{32639D07-7AF4-4487-ABCC-32F8C0F532BD}.Debug|Any CPU.ActiveCfg = Debug|Any CPU
		{32639D07-7AF4-4487-ABCC-32F8C0F532BD}.Debug|Any CPU.Build.0 = Debug|Any CPU
		{32639D07-7AF4-4487-ABCC-32F8C0F532BD}.Release|Any CPU.ActiveCfg = Release|Any CPU
		{32639D07-7AF4-4487-ABCC-32F8C0F532BD}.Release|Any CPU.Build.0 = Release|Any CPU
		{80A09742-5C4E-2D48-D670-B406B65CE949}.Debug|Any CPU.ActiveCfg = Debug|Any CPU
		{80A09742-5C4E-2D48-D670-B406B65CE949}.Debug|Any CPU.Build.0 = Debug|Any CPU
		{80A09742-5C4E-2D48-D670-B406B65CE949}.Release|Any CPU.ActiveCfg = Release|Any CPU
		{80A09742-5C4E-2D48-D670-B406B65CE949}.Release|Any CPU.Build.0 = Release|Any CPU
		{AD6AECC0-21FB-1EAE-8728-24B727884423}.Debug|Any CPU.ActiveCfg = Debug|Any CPU
		{AD6AECC0-21FB-1EAE-8728-24B727884423}.Debug|Any CPU.Build.0 = Debug|Any CPU
		{AD6AECC0-21FB-1EAE-8728-24B727884423}.Release|Any CPU.ActiveCfg = Release|Any CPU
		{AD6AECC0-21FB-1EAE-8728-24B727884423}.Release|Any CPU.Build.0 = Release|Any CPU
	EndGlobalSection
	GlobalSection(SolutionProperties) = preSolution
		HideSolutionNode = FALSE
	EndGlobalSection
	GlobalSection(NestedProjects) = preSolution
		{32639D07-7AF4-4487-ABCC-32F8C0F532BD} = {02EA681E-C7D8-13C7-8484-4AC65E1B71E8}
		{80A09742-5C4E-2D48-D670-B406B65CE949} = {E1E2F06B-3758-4DFA-92AE-232014B0DE8A}
		{AD6AECC0-21FB-1EAE-8728-24B727884423} = {0BDF53F3-0417-4FFA-A33D-CD67301566E2}
	EndGlobalSection
	GlobalSection(ExtensibilityGlobals) = postSolution
		SolutionGuid = {712BE8FC-EC41-40F9-9C46-50A4A48B5D30}
	EndGlobalSection
EndGlobal
